# THIS IS AN AUTOGENERATED FILE. DO NOT EDIT THIS FILE DIRECTLY.
# yarn lockfile v1


"@types/ramda@0.27.7":
  version "0.27.7"
  resolved "https://registry.yarnpkg.com/@types/ramda/-/ramda-0.27.7.tgz#9079faf78a41c25eb59deb46d59deb88a7949358"
  integrity sha512-qt8hYaKfgWE84S6elC8MokRza8sEVkmJqPUbKcl4qVhzryK4eya5ykucgNzzHFJt9hwDYpjtA8h7w2/VT/Gnqg==
  dependencies:
    ts-toolbelt "^6.3.3"

rambda@5.12.0:
  version "5.12.0"
  resolved "https://registry.yarnpkg.com/rambda/-/rambda-5.12.0.tgz#c6e9c0a13290a47c333dc7ccd573c5dc4c4170ec"
  integrity sha512-5InFhxr+gAcqvRK2abqsBatBfugiZ2xmsk++fpjM4MqFxfWrScxIml7cUHRK7jLcoyCIliht18b1BQH1FgENRg==

"rambdax@https://github.com/selfrefactor/rambdax#4.2.0":
  version "4.1.0"
  resolved "https://github.com/selfrefactor/rambdax#5959d0f3d11f9f0e5a359357578707e853edbed3"

ramda@0.27.0:
  version "0.27.0"
  resolved "https://registry.yarnpkg.com/ramda/-/ramda-0.27.0.tgz#915dc29865c0800bf3f69b8fd6c279898b59de43"
  integrity sha512-pVzZdDpWwWqEVVLshWUHjNwuVP7SfcmPraYuqocJp1yo2U1R7P+5QAfDhdItkuoGqIBnBYrtPp7rEPqDn9HlZA==

ts-toolbelt@^6.3.3:
  version "6.9.4"
  resolved "https://registry.yarnpkg.com/ts-toolbelt/-/ts-toolbelt-6.9.4.tgz#cc3a070d99c557c552b4f69e36f13d430c47a760"
  integrity sha512-muRZZqfOTOVvLk5cdnp7YWm6xX+kD/WL2cS/L4zximBRcbQSuMoTbQQ2ZZBVMs1gB0EZw1qThP+HrIQB35OmEw==

typescript@4.0.0-dev.20200530:
  version "4.0.0-dev.20200530"
  resolved "https://registry.yarnpkg.com/typescript/-/typescript-4.0.0-dev.20200530.tgz#1e4bb80031ebac4c418dd97134651fef3154fd27"
  integrity sha512-4NeVeGEF0Uegn4LyLF3fuCv7N1jeBcdKhLTN+dRkdSJ2ElkBC47N6Vl+RhIWL4S2eoWXwu2MjxuW9e9BRAJH/A==
