# THIS IS AN AUTOGENERATED FILE. DO NOT EDIT THIS FILE DIRECTLY.
# yarn lockfile v1


"@types/ramda@0.27.7":
  version "0.27.7"
  resolved "https://registry.yarnpkg.com/@types/ramda/-/ramda-0.27.7.tgz#9079faf78a41c25eb59deb46d59deb88a7949358"
  integrity sha512-qt8hYaKfgWE84S6elC8MokRza8sEVkmJqPUbKcl4qVhzryK4eya5ykucgNzzHFJt9hwDYpjtA8h7w2/VT/Gnqg==
  dependencies:
    ts-toolbelt "^6.3.3"

"rambda@https://github.com/selfrefactor/rambda#5.6.0":
  version "5.6.0"
  resolved "https://github.com/selfrefactor/rambda#77862b4a0371f9ddfebd28498e2bf91d97d02d47"

"rambdax@https://github.com/selfrefactor/rambdax#4.0.0-beta":
  version "3.7.0"
  resolved "https://github.com/selfrefactor/rambdax#9c3c79ef6b2fd2db96fa25c85a53d7a8513c3897"

ramda@0.27.0:
  version "0.27.0"
  resolved "https://registry.yarnpkg.com/ramda/-/ramda-0.27.0.tgz#915dc29865c0800bf3f69b8fd6c279898b59de43"
  integrity sha512-pVzZdDpWwWqEVVLshWUHjNwuVP7SfcmPraYuqocJp1yo2U1R7P+5QAfDhdItkuoGqIBnBYrtPp7rEPqDn9HlZA==

ts-toolbelt@^6.3.3:
  version "6.9.4"
  resolved "https://registry.yarnpkg.com/ts-toolbelt/-/ts-toolbelt-6.9.4.tgz#cc3a070d99c557c552b4f69e36f13d430c47a760"
  integrity sha512-muRZZqfOTOVvLk5cdnp7YWm6xX+kD/WL2cS/L4zximBRcbQSuMoTbQQ2ZZBVMs1gB0EZw1qThP+HrIQB35OmEw==

typescript@4.0.0-dev.20200730:
  version "4.0.0-dev.20200730"
  resolved "https://registry.yarnpkg.com/typescript/-/typescript-4.0.0-dev.20200730.tgz#0c1e874cbbfc702c32d9ac261c2f9dc9c37b14c1"
  integrity sha512-bqw862eRy5niIZgCJTmn9DqkHTPoCF2eLlLA6jmOvubOgN8BNQrsaf+fE4PQkhzk9ae1/T9iAmDhapgmwWMHIA==
